
Microsoft Visual Studio Solution File, Format Version 12.00
# Visual Studio 15
VisualStudioVersion = 15.0.28307.1259
MinimumVisualStudioVersion = 10.0.40219.1
Project("{FAE04EC0-301F-11D3-BF4B-00C04F79EFBC}") = "SharpSpaceMouse", "src\SharpSpaceMouse\SharpSpaceMouse.csproj", "{625D7F98-EF49-469A-8E7B-98C887B1F0B1}"
EndProject
Project("{FAE04EC0-301F-11D3-BF4B-00C04F79EFBC}") = "SharpSpaceMouse.Sample", "src\SharpSpaceMouse.Sample\SharpSpaceMouse.Sample.csproj", "{289553EF-C269-46B2-BF84-1DFA66BBA2E8}"
EndProject
Global
	GlobalSection(SolutionConfigurationPlatforms) = preSolution
		Debug|Any CPU = Debug|Any CPU
		Release|Any CPU = Release|Any CPU
	EndGlobalSection
	GlobalSection(ProjectConfigurationPlatforms) = postSolution
		{625D7F98-EF49-469A-8E7B-98C887B1F0B1}.Debug|Any CPU.ActiveCfg = Debug|Any CPU
		{625D7F98-EF49-469A-8E7B-98C887B1F0B1}.Debug|Any CPU.Build.0 = Debug|Any CPU
		{625D7F98-EF49-469A-8E7B-98C887B1F0B1}.Release|Any CPU.ActiveCfg = Release|Any CPU
		{625D7F98-EF49-469A-8E7B-98C887B1F0B1}.Release|Any CPU.Build.0 = Release|Any CPU
		{289553EF-C269-46B2-BF84-1DFA66BBA2E8}.Debug|Any CPU.ActiveCfg = Debug|Any CPU
		{289553EF-C269-46B2-BF84-1DFA66BBA2E8}.Debug|Any CPU.Build.0 = Debug|Any CPU
		{289553EF-C269-46B2-BF84-1DFA66BBA2E8}.Release|Any CPU.ActiveCfg = Release|Any CPU
		{289553EF-C269-46B2-BF84-1DFA66BBA2E8}.Release|Any CPU.Build.0 = Release|Any CPU
	EndGlobalSection
	GlobalSection(SolutionProperties) = preSolution
		HideSolutionNode = FALSE
	EndGlobalSection
	GlobalSection(ExtensibilityGlobals) = postSolution
		SolutionGuid = {E2CD373D-62AD-48BA-96F2-AF2BE76BF440}
	EndGlobalSection
EndGlobal
